
Microsoft Visual Studio Solution File, Format Version 12.00
# Visual Studio 15
VisualStudioVersion = 15.0.28010.2036
MinimumVisualStudioVersion = 10.0.40219.1
Project("{FAE04EC0-301F-11D3-BF4B-00C04F79EFBC}") = "PetGame", "PetGame\PetGame.csproj", "{83FBE126-F024-4308-93E0-6CC8144F980E}"
EndProject
Global
	GlobalSection(SolutionConfigurationPlatforms) = preSolution
		Debug|Any CPU = Debug|Any CPU
		Release|Any CPU = Release|Any CPU
	EndGlobalSection
	GlobalSection(ProjectConfigurationPlatforms) = postSolution
		{83FBE126-F024-4308-93E0-6CC8144F980E}.Debug|Any CPU.ActiveCfg = Debug|Any CPU
		{83FBE126-F024-4308-93E0-6CC8144F980E}.Debug|Any CPU.Build.0 = Debug|Any CPU
		{83FBE126-F024-4308-93E0-6CC8144F980E}.Release|Any CPU.ActiveCfg = Release|Any CPU
		{83FBE126-F024-4308-93E0-6CC8144F980E}.Release|Any CPU.Build.0 = Release|Any CPU
	EndGlobalSection
	GlobalSection(SolutionProperties) = preSolution
		HideSolutionNode = FALSE
	EndGlobalSection
	GlobalSection(ExtensibilityGlobals) = postSolution
		SolutionGuid = {C7E7B090-53CD-4DB9-9654-87BAE753D9D3}
	EndGlobalSection
EndGlobal
