
Microsoft Visual Studio Solution File, Format Version 12.00
# Visual Studio 15
VisualStudioVersion = 15.0.28010.2036
MinimumVisualStudioVersion = 10.0.40219.1
Project("{9A19103F-16F7-4668-BE54-9A1E7A4F7556}") = "PetGame", "PetGame\PetGame.csproj", "{83FBE126-F024-4308-93E0-6CC8144F980E}"
EndProject
Project("{FAE04EC0-301F-11D3-BF4B-00C04F79EFBC}") = "PetGame.Core", "PetGame.Core\PetGame.Core.csproj", "{8CA3DF83-9219-4B05-9C78-011E5A87A8CE}"
EndProject
Project("{FAE04EC0-301F-11D3-BF4B-00C04F79EFBC}") = "PetGame.Tests", "PetGame.Tests\PetGame.Tests.csproj", "{2D761E71-A446-4302-AFD8-07DA5A31B48E}"
EndProject
Global
	GlobalSection(SolutionConfigurationPlatforms) = preSolution
		Debug|Any CPU = Debug|Any CPU
		Release|Any CPU = Release|Any CPU
	EndGlobalSection
	GlobalSection(ProjectConfigurationPlatforms) = postSolution
		{83FBE126-F024-4308-93E0-6CC8144F980E}.Debug|Any CPU.ActiveCfg = Debug|Any CPU
		{83FBE126-F024-4308-93E0-6CC8144F980E}.Debug|Any CPU.Build.0 = Debug|Any CPU
		{83FBE126-F024-4308-93E0-6CC8144F980E}.Release|Any CPU.ActiveCfg = Release|Any CPU
		{83FBE126-F024-4308-93E0-6CC8144F980E}.Release|Any CPU.Build.0 = Release|Any CPU
		{8CA3DF83-9219-4B05-9C78-011E5A87A8CE}.Debug|Any CPU.ActiveCfg = Debug|Any CPU
		{8CA3DF83-9219-4B05-9C78-011E5A87A8CE}.Debug|Any CPU.Build.0 = Debug|Any CPU
		{8CA3DF83-9219-4B05-9C78-011E5A87A8CE}.Release|Any CPU.ActiveCfg = Release|Any CPU
		{8CA3DF83-9219-4B05-9C78-011E5A87A8CE}.Release|Any CPU.Build.0 = Release|Any CPU
		{2D761E71-A446-4302-AFD8-07DA5A31B48E}.Debug|Any CPU.ActiveCfg = Debug|Any CPU
		{2D761E71-A446-4302-AFD8-07DA5A31B48E}.Debug|Any CPU.Build.0 = Debug|Any CPU
		{2D761E71-A446-4302-AFD8-07DA5A31B48E}.Release|Any CPU.ActiveCfg = Release|Any CPU
		{2D761E71-A446-4302-AFD8-07DA5A31B48E}.Release|Any CPU.Build.0 = Release|Any CPU
	EndGlobalSection
	GlobalSection(SolutionProperties) = preSolution
		HideSolutionNode = FALSE
	EndGlobalSection
	GlobalSection(ExtensibilityGlobals) = postSolution
		SolutionGuid = {C7E7B090-53CD-4DB9-9654-87BAE753D9D3}
	EndGlobalSection
EndGlobal
